// !$*UTF8*$!
{
	archiveVersion = 1;
	classes = {
	};
	objectVersion = 46;
	objects = {

/* Begin PBXBuildFile section */
		631BB11A1C2C4F0500333884 /* ICOLibraryAPI.swift in Sources */ = {isa = PBXBuildFile; fileRef = 631BB1191C2C4F0500333884 /* ICOLibraryAPI.swift */; };
		631BB11C1C2C558800333884 /* ICOPersistencyManager.swift in Sources */ = {isa = PBXBuildFile; fileRef = 631BB11B1C2C558800333884 /* ICOPersistencyManager.swift */; };
		631BB1201C2F0C9600333884 /* ICOAlbumExtension.swift in Sources */ = {isa = PBXBuildFile; fileRef = 631BB11F1C2F0C9600333884 /* ICOAlbumExtension.swift */; };
		631BB1221C300BD000333884 /* ICOHorizontalScroller.swift in Sources */ = {isa = PBXBuildFile; fileRef = 631BB1211C300BD000333884 /* ICOHorizontalScroller.swift */; };
		6360A6421C28110B006C985E /* AppDelegate.swift in Sources */ = {isa = PBXBuildFile; fileRef = 6360A6411C28110B006C985E /* AppDelegate.swift */; };
		6360A6441C28110B006C985E /* ViewController.swift in Sources */ = {isa = PBXBuildFile; fileRef = 6360A6431C28110B006C985E /* ViewController.swift */; };
		6360A6471C28110B006C985E /* Main.storyboard in Resources */ = {isa = PBXBuildFile; fileRef = 6360A6451C28110B006C985E /* Main.storyboard */; };
		6360A6491C28110B006C985E /* Assets.xcassets in Resources */ = {isa = PBXBuildFile; fileRef = 6360A6481C28110B006C985E /* Assets.xcassets */; };
		6360A64C1C28110B006C985E /* LaunchScreen.storyboard in Resources */ = {isa = PBXBuildFile; fileRef = 6360A64A1C28110B006C985E /* LaunchScreen.storyboard */; };
		6360A6541C2812BA006C985E /* HTTPClient.swift in Sources */ = {isa = PBXBuildFile; fileRef = 6360A6531C2812BA006C985E /* HTTPClient.swift */; };
		6360A6561C2812F7006C985E /* NOTAS DE DESARROLLO.swift in Sources */ = {isa = PBXBuildFile; fileRef = 6360A6551C2812F7006C985E /* NOTAS DE DESARROLLO.swift */; };
		6360A6581C2813D8006C985E /* ICOAlbumModel.swift in Sources */ = {isa = PBXBuildFile; fileRef = 6360A6571C2813D8006C985E /* ICOAlbumModel.swift */; };
		6360A65B1C281692006C985E /* ICOAbumView.swift in Sources */ = {isa = PBXBuildFile; fileRef = 6360A65A1C281692006C985E /* ICOAbumView.swift */; };
/* End PBXBuildFile section */

/* Begin PBXFileReference section */
		631BB1191C2C4F0500333884 /* ICOLibraryAPI.swift */ = {isa = PBXFileReference; fileEncoding = 4; lastKnownFileType = sourcecode.swift; path = ICOLibraryAPI.swift; sourceTree = "<group>"; };
		631BB11B1C2C558800333884 /* ICOPersistencyManager.swift */ = {isa = PBXFileReference; fileEncoding = 4; lastKnownFileType = sourcecode.swift; path = ICOPersistencyManager.swift; sourceTree = "<group>"; };
		631BB11F1C2F0C9600333884 /* ICOAlbumExtension.swift */ = {isa = PBXFileReference; fileEncoding = 4; lastKnownFileType = sourcecode.swift; path = ICOAlbumExtension.swift; sourceTree = "<group>"; };
		631BB1211C300BD000333884 /* ICOHorizontalScroller.swift */ = {isa = PBXFileReference; fileEncoding = 4; lastKnownFileType = sourcecode.swift; path = ICOHorizontalScroller.swift; sourceTree = "<group>"; };
		6360A63E1C28110B006C985E /* App_Patron_MVC_Completo.app */ = {isa = PBXFileReference; explicitFileType = wrapper.application; includeInIndex = 0; name = App_Patron_MVC_Completo.app; path = "/Users/David/Desktop/MIOSCICE/JEDI/SWIFT MASTER CICE/CICECLASS_MALDONADO/App7_7_Patron_MVC_Completo/build/Debug-iphoneos/App_Patron_MVC_Completo.app"; sourceTree = "<absolute>"; };
		6360A6411C28110B006C985E /* AppDelegate.swift */ = {isa = PBXFileReference; lastKnownFileType = sourcecode.swift; path = AppDelegate.swift; sourceTree = "<group>"; };
		6360A6431C28110B006C985E /* ViewController.swift */ = {isa = PBXFileReference; lastKnownFileType = sourcecode.swift; path = ViewController.swift; sourceTree = "<group>"; };
		6360A6461C28110B006C985E /* Base */ = {isa = PBXFileReference; lastKnownFileType = file.storyboard; name = Base; path = Base.lproj/Main.storyboard; sourceTree = "<group>"; };
		6360A6481C28110B006C985E /* Assets.xcassets */ = {isa = PBXFileReference; lastKnownFileType = folder.assetcatalog; path = Assets.xcassets; sourceTree = "<group>"; };
		6360A64B1C28110B006C985E /* Base */ = {isa = PBXFileReference; lastKnownFileType = file.storyboard; name = Base; path = Base.lproj/LaunchScreen.storyboard; sourceTree = "<group>"; };
		6360A64D1C28110B006C985E /* Info.plist */ = {isa = PBXFileReference; lastKnownFileType = text.plist.xml; path = Info.plist; sourceTree = "<group>"; };
		6360A6531C2812BA006C985E /* HTTPClient.swift */ = {isa = PBXFileReference; fileEncoding = 4; lastKnownFileType = sourcecode.swift; path = HTTPClient.swift; sourceTree = "<group>"; };
		6360A6551C2812F7006C985E /* NOTAS DE DESARROLLO.swift */ = {isa = PBXFileReference; fileEncoding = 4; lastKnownFileType = sourcecode.swift; path = "NOTAS DE DESARROLLO.swift"; sourceTree = "<group>"; };
		6360A6571C2813D8006C985E /* ICOAlbumModel.swift */ = {isa = PBXFileReference; fileEncoding = 4; lastKnownFileType = sourcecode.swift; path = ICOAlbumModel.swift; sourceTree = "<group>"; };
		6360A65A1C281692006C985E /* ICOAbumView.swift */ = {isa = PBXFileReference; fileEncoding = 4; lastKnownFileType = sourcecode.swift; path = ICOAbumView.swift; sourceTree = "<group>"; };
/* End PBXFileReference section */

/* Begin PBXFrameworksBuildPhase section */
		6360A63B1C28110B006C985E /* Frameworks */ = {
			isa = PBXFrameworksBuildPhase;
			buildActionMask = 2147483647;
			files = (
			);
			runOnlyForDeploymentPostprocessing = 0;
		};
/* End PBXFrameworksBuildPhase section */

/* Begin PBXGroup section */
		631BB1181C2C4EDB00333884 /* API */ = {
			isa = PBXGroup;
			children = (
				631BB1191C2C4F0500333884 /* ICOLibraryAPI.swift */,
				631BB11B1C2C558800333884 /* ICOPersistencyManager.swift */,
				6360A6531C2812BA006C985E /* HTTPClient.swift */,
			);
			name = API;
			sourceTree = "<group>";
		};
		631BB1231C300C2C00333884 /* NOTES */ = {
			isa = PBXGroup;
			children = (
				6360A6551C2812F7006C985E /* NOTAS DE DESARROLLO.swift */,
			);
			name = NOTES;
			sourceTree = "<group>";
		};
		6360A6351C28110B006C985E = {
			isa = PBXGroup;
			children = (
				6360A6401C28110B006C985E /* App_Patron_MVC_Completo */,
			);
			sourceTree = "<group>";
		};
		6360A6401C28110B006C985E /* App_Patron_MVC_Completo */ = {
			isa = PBXGroup;
			children = (
				6360A6411C28110B006C985E /* AppDelegate.swift */,
				631BB1181C2C4EDB00333884 /* API */,
				6360A65D1C28169E006C985E /* CONTROLLER */,
				6360A65C1C281697006C985E /* VIEW */,
				6360A6591C2813DD006C985E /* MODEL */,
				631BB1231C300C2C00333884 /* NOTES */,
				6360A6451C28110B006C985E /* Main.storyboard */,
				6360A6481C28110B006C985E /* Assets.xcassets */,
				6360A64A1C28110B006C985E /* LaunchScreen.storyboard */,
				6360A64D1C28110B006C985E /* Info.plist */,
			);
			path = App_Patron_MVC_Completo;
			sourceTree = "<group>";
		};
		6360A6591C2813DD006C985E /* MODEL */ = {
			isa = PBXGroup;
			children = (
				6360A6571C2813D8006C985E /* ICOAlbumModel.swift */,
				631BB11F1C2F0C9600333884 /* ICOAlbumExtension.swift */,
			);
			name = MODEL;
			sourceTree = "<group>";
		};
		6360A65C1C281697006C985E /* VIEW */ = {
			isa = PBXGroup;
			children = (
				6360A65A1C281692006C985E /* ICOAbumView.swift */,
				631BB1211C300BD000333884 /* ICOHorizontalScroller.swift */,
			);
			name = VIEW;
			sourceTree = "<group>";
		};
		6360A65D1C28169E006C985E /* CONTROLLER */ = {
			isa = PBXGroup;
			children = (
				6360A6431C28110B006C985E /* ViewController.swift */,
			);
			name = CONTROLLER;
			sourceTree = "<group>";
		};
/* End PBXGroup section */

/* Begin PBXNativeTarget section */
		6360A63D1C28110B006C985E /* App_Patron_MVC_Completo */ = {
			isa = PBXNativeTarget;
			buildConfigurationList = 6360A6501C28110B006C985E /* Build configuration list for PBXNativeTarget "App_Patron_MVC_Completo" */;
			buildPhases = (
				6360A63A1C28110B006C985E /* Sources */,
				6360A63B1C28110B006C985E /* Frameworks */,
				6360A63C1C28110B006C985E /* Resources */,
			);
			buildRules = (
			);
			dependencies = (
			);
			name = App_Patron_MVC_Completo;
			productName = App_Patron_MVC_Completo;
			productReference = 6360A63E1C28110B006C985E /* App_Patron_MVC_Completo.app */;
			productType = "com.apple.product-type.application";
		};
/* End PBXNativeTarget section */

/* Begin PBXProject section */
		6360A6361C28110B006C985E /* Project object */ = {
			isa = PBXProject;
			attributes = {
				LastSwiftUpdateCheck = 0720;
				LastUpgradeCheck = 0720;
				ORGANIZATIONNAME = iCologic;
				TargetAttributes = {
					6360A63D1C28110B006C985E = {
						CreatedOnToolsVersion = 7.2;
					};
				};
			};
			buildConfigurationList = 6360A6391C28110B006C985E /* Build configuration list for PBXProject "App_Patron_MVC_Completo" */;
			compatibilityVersion = "Xcode 3.2";
			developmentRegion = English;
			hasScannedForEncodings = 0;
			knownRegions = (
				en,
				Base,
			);
			mainGroup = 6360A6351C28110B006C985E;
			productRefGroup = 6360A6351C28110B006C985E;
			projectDirPath = "";
			projectRoot = "";
			targets = (
				6360A63D1C28110B006C985E /* App_Patron_MVC_Completo */,
			);
		};
/* End PBXProject section */

/* Begin PBXResourcesBuildPhase section */
		6360A63C1C28110B006C985E /* Resources */ = {
			isa = PBXResourcesBuildPhase;
			buildActionMask = 2147483647;
			files = (
				6360A64C1C28110B006C985E /* LaunchScreen.storyboard in Resources */,
				6360A6491C28110B006C985E /* Assets.xcassets in Resources */,
				6360A6471C28110B006C985E /* Main.storyboard in Resources */,
			);
			runOnlyForDeploymentPostprocessing = 0;
		};
/* End PBXResourcesBuildPhase section */

/* Begin PBXSourcesBuildPhase section */
		6360A63A1C28110B006C985E /* Sources */ = {
			isa = PBXSourcesBuildPhase;
			buildActionMask = 2147483647;
			files = (
				6360A6441C28110B006C985E /* ViewController.swift in Sources */,
				631BB1201C2F0C9600333884 /* ICOAlbumExtension.swift in Sources */,
				6360A6561C2812F7006C985E /* NOTAS DE DESARROLLO.swift in Sources */,
				631BB1221C300BD000333884 /* ICOHorizontalScroller.swift in Sources */,
				6360A6581C2813D8006C985E /* ICOAlbumModel.swift in Sources */,
				631BB11A1C2C4F0500333884 /* ICOLibraryAPI.swift in Sources */,
				6360A6421C28110B006C985E /* AppDelegate.swift in Sources */,
				631BB11C1C2C558800333884 /* ICOPersistencyManager.swift in Sources */,
				6360A6541C2812BA006C985E /* HTTPClient.swift in Sources */,
				6360A65B1C281692006C985E /* ICOAbumView.swift in Sources */,
			);
			runOnlyForDeploymentPostprocessing = 0;
		};
/* End PBXSourcesBuildPhase section */

/* Begin PBXVariantGroup section */
		6360A6451C28110B006C985E /* Main.storyboard */ = {
			isa = PBXVariantGroup;
			children = (
				6360A6461C28110B006C985E /* Base */,
			);
			name = Main.storyboard;
			sourceTree = "<group>";
		};
		6360A64A1C28110B006C985E /* LaunchScreen.storyboard */ = {
			isa = PBXVariantGroup;
			children = (
				6360A64B1C28110B006C985E /* Base */,
			);
			name = LaunchScreen.storyboard;
			sourceTree = "<group>";
		};
/* End PBXVariantGroup section */

/* Begin XCBuildConfiguration section */
		6360A64E1C28110B006C985E /* Debug */ = {
			isa = XCBuildConfiguration;
			buildSettings = {
				ALWAYS_SEARCH_USER_PATHS = NO;
				CLANG_CXX_LANGUAGE_STANDARD = "gnu++0x";
				CLANG_CXX_LIBRARY = "libc++";
				CLANG_ENABLE_MODULES = YES;
				CLANG_ENABLE_OBJC_ARC = YES;
				CLANG_WARN_BOOL_CONVERSION = YES;
				CLANG_WARN_CONSTANT_CONVERSION = YES;
				CLANG_WARN_DIRECT_OBJC_ISA_USAGE = YES_ERROR;
				CLANG_WARN_EMPTY_BODY = YES;
				CLANG_WARN_ENUM_CONVERSION = YES;
				CLANG_WARN_INT_CONVERSION = YES;
				CLANG_WARN_OBJC_ROOT_CLASS = YES_ERROR;
				CLANG_WARN_UNREACHABLE_CODE = YES;
				CLANG_WARN__DUPLICATE_METHOD_MATCH = YES;
				"CODE_SIGN_IDENTITY[sdk=iphoneos*]" = "iPhone Developer";
				COPY_PHASE_STRIP = NO;
				DEBUG_INFORMATION_FORMAT = dwarf;
				ENABLE_STRICT_OBJC_MSGSEND = YES;
				ENABLE_TESTABILITY = YES;
				GCC_C_LANGUAGE_STANDARD = gnu99;
				GCC_DYNAMIC_NO_PIC = NO;
				GCC_NO_COMMON_BLOCKS = YES;
				GCC_OPTIMIZATION_LEVEL = 0;
				GCC_PREPROCESSOR_DEFINITIONS = (
					"DEBUG=1",
					"$(inherited)",
				);
				GCC_WARN_64_TO_32_BIT_CONVERSION = YES;
				GCC_WARN_ABOUT_RETURN_TYPE = YES_ERROR;
				GCC_WARN_UNDECLARED_SELECTOR = YES;
				GCC_WARN_UNINITIALIZED_AUTOS = YES_AGGRESSIVE;
				GCC_WARN_UNUSED_FUNCTION = YES;
				GCC_WARN_UNUSED_VARIABLE = YES;
				IPHONEOS_DEPLOYMENT_TARGET = 9.2;
				MTL_ENABLE_DEBUG_INFO = YES;
				ONLY_ACTIVE_ARCH = YES;
				SDKROOT = iphoneos;
				SWIFT_OPTIMIZATION_LEVEL = "-Onone";
			};
			name = Debug;
		};
		6360A64F1C28110B006C985E /* Release */ = {
			isa = XCBuildConfiguration;
			buildSettings = {
				ALWAYS_SEARCH_USER_PATHS = NO;
				CLANG_CXX_LANGUAGE_STANDARD = "gnu++0x";
				CLANG_CXX_LIBRARY = "libc++";
				CLANG_ENABLE_MODULES = YES;
				CLANG_ENABLE_OBJC_ARC = YES;
				CLANG_WARN_BOOL_CONVERSION = YES;
				CLANG_WARN_CONSTANT_CONVERSION = YES;
				CLANG_WARN_DIRECT_OBJC_ISA_USAGE = YES_ERROR;
				CLANG_WARN_EMPTY_BODY = YES;
				CLANG_WARN_ENUM_CONVERSION = YES;
				CLANG_WARN_INT_CONVERSION = YES;
				CLANG_WARN_OBJC_ROOT_CLASS = YES_ERROR;
				CLANG_WARN_UNREACHABLE_CODE = YES;
				CLANG_WARN__DUPLICATE_METHOD_MATCH = YES;
				"CODE_SIGN_IDENTITY[sdk=iphoneos*]" = "iPhone Developer";
				COPY_PHASE_STRIP = NO;
				DEBUG_INFORMATION_FORMAT = "dwarf-with-dsym";
				ENABLE_NS_ASSERTIONS = NO;
				ENABLE_STRICT_OBJC_MSGSEND = YES;
				GCC_C_LANGUAGE_STANDARD = gnu99;
				GCC_NO_COMMON_BLOCKS = YES;
				GCC_WARN_64_TO_32_BIT_CONVERSION = YES;
				GCC_WARN_ABOUT_RETURN_TYPE = YES_ERROR;
				GCC_WARN_UNDECLARED_SELECTOR = YES;
				GCC_WARN_UNINITIALIZED_AUTOS = YES_AGGRESSIVE;
				GCC_WARN_UNUSED_FUNCTION = YES;
				GCC_WARN_UNUSED_VARIABLE = YES;
				IPHONEOS_DEPLOYMENT_TARGET = 9.2;
				MTL_ENABLE_DEBUG_INFO = NO;
				SDKROOT = iphoneos;
				VALIDATE_PRODUCT = YES;
			};
			name = Release;
		};
		6360A6511C28110B006C985E /* Debug */ = {
			isa = XCBuildConfiguration;
			buildSettings = {
				ASSETCATALOG_COMPILER_APPICON_NAME = AppIcon;
				INFOPLIST_FILE = App_Patron_MVC_Completo/Info.plist;
				LD_RUNPATH_SEARCH_PATHS = "$(inherited) @executable_path/Frameworks";
				PRODUCT_BUNDLE_IDENTIFIER = "com.icologic.App-Patron-MVC-Completo";
				PRODUCT_NAME = "$(TARGET_NAME)";
			};
			name = Debug;
		};
		6360A6521C28110B006C985E /* Release */ = {
			isa = XCBuildConfiguration;
			buildSettings = {
				ASSETCATALOG_COMPILER_APPICON_NAME = AppIcon;
				INFOPLIST_FILE = App_Patron_MVC_Completo/Info.plist;
				LD_RUNPATH_SEARCH_PATHS = "$(inherited) @executable_path/Frameworks";
				PRODUCT_BUNDLE_IDENTIFIER = "com.icologic.App-Patron-MVC-Completo";
				PRODUCT_NAME = "$(TARGET_NAME)";
			};
			name = Release;
		};
/* End XCBuildConfiguration section */

/* Begin XCConfigurationList section */
		6360A6391C28110B006C985E /* Build configuration list for PBXProject "App_Patron_MVC_Completo" */ = {
			isa = XCConfigurationList;
			buildConfigurations = (
				6360A64E1C28110B006C985E /* Debug */,
				6360A64F1C28110B006C985E /* Release */,
			);
			defaultConfigurationIsVisible = 0;
			defaultConfigurationName = Release;
		};
		6360A6501C28110B006C985E /* Build configuration list for PBXNativeTarget "App_Patron_MVC_Completo" */ = {
			isa = XCConfigurationList;
			buildConfigurations = (
				6360A6511C28110B006C985E /* Debug */,
				6360A6521C28110B006C985E /* Release */,
			);
			defaultConfigurationIsVisible = 0;
			defaultConfigurationName = Release;
		};
/* End XCConfigurationList section */
	};
	rootObject = 6360A6361C28110B006C985E /* Project object */;
}
